
Microsoft Visual Studio Solution File, Format Version 12.00
# Visual Studio 15
VisualStudioVersion = 15.0.27703.2042
MinimumVisualStudioVersion = 10.0.40219.1
Project("{FAE04EC0-301F-11D3-BF4B-00C04F79EFBC}") = "My_Treasury", "My_Treasury\My_Treasury.csproj", "{9406C0AE-8AA7-4E0C-8403-C607A451464B}"
EndProject
Global
	GlobalSection(SolutionConfigurationPlatforms) = preSolution
		Debug|Any CPU = Debug|Any CPU
		Release|Any CPU = Release|Any CPU
	EndGlobalSection
	GlobalSection(ProjectConfigurationPlatforms) = postSolution
		{9406C0AE-8AA7-4E0C-8403-C607A451464B}.Debug|Any CPU.ActiveCfg = Debug|Any CPU
		{9406C0AE-8AA7-4E0C-8403-C607A451464B}.Debug|Any CPU.Build.0 = Debug|Any CPU
		{9406C0AE-8AA7-4E0C-8403-C607A451464B}.Release|Any CPU.ActiveCfg = Release|Any CPU
		{9406C0AE-8AA7-4E0C-8403-C607A451464B}.Release|Any CPU.Build.0 = Release|Any CPU
	EndGlobalSection
	GlobalSection(SolutionProperties) = preSolution
		HideSolutionNode = FALSE
	EndGlobalSection
	GlobalSection(ExtensibilityGlobals) = postSolution
		SolutionGuid = {7DDEB8D4-1E50-4AFD-AAB7-5D7DCBD7EDB9}
	EndGlobalSection
EndGlobal
